<?xml version="1.0" encoding="utf-8"?>
<Project ToolsVersion="17.0" xmlns="http://schemas.microsoft.com/developer/msbuild/2003">
  <ItemGroup>
    <ClCompile Include="F:\Projects\xray\xray\maya\sources\maya_library_linkage.cpp">
      <Filter>Source Files</Filter>
    </ClCompile>
    <ClCompile Include="F:\Projects\xray\xray\maya\sources\pch.cpp">
      <Filter>Source Files</Filter>
    </ClCompile>
    <ClCompile Include="F:\Projects\xray\xray\maya\sources\xray_body.cpp">
      <Filter>Source Files</Filter>
    </ClCompile>
    <ClCompile Include="F:\Projects\xray\xray\maya\sources\create_body_cmd.cpp">
      <Filter>Source Files</Filter>
    </ClCompile>
    <ClCompile Include="F:\Projects\xray\xray\maya\sources\create_collision_cmd.cpp">
      <Filter>Source Files</Filter>
    </ClCompile>
    <ClCompile Include="F:\Projects\xray\xray\maya\sources\create_joint_cmd.cpp">
      <Filter>Source Files</Filter>
    </ClCompile>
    <ClCompile Include="F:\Projects\xray\xray\maya\sources\build_collision_cmd.cpp">
      <Filter>Source Files</Filter>
    </ClCompile>
    <ClCompile Include="F:\Projects\xray\xray\maya\sources\fake_drawing_locator.cpp">
      <Filter>Source Files</Filter>
    </ClCompile>
    <ClCompile Include="F:\Projects\xray\xray\maya\sources\geom_sources.cpp">
      <Filter>Source Files</Filter>
    </ClCompile>
    <ClCompile Include="F:\Projects\xray\xray\maya\sources\collision_node.cpp">
      <Filter>Source Files</Filter>
    </ClCompile>
    <ClCompile Include="F:\Projects\xray\xray\maya\sources\body_node.cpp">
      <Filter>Source Files</Filter>
    </ClCompile>
    <ClCompile Include="F:\Projects\xray\xray\maya\sources\body_node_manip.cpp">
      <Filter>Source Files</Filter>
    </ClCompile>
    <ClCompile Include="F:\Projects\xray\xray\maya\sources\joint_node.cpp">
      <Filter>Source Files</Filter>
    </ClCompile>
    <ClCompile Include="F:\Projects\xray\xray\maya\sources\node_exportable.cpp">
      <Filter>Source Files</Filter>
    </ClCompile>
    <ClCompile Include="F:\Projects\xray\xray\maya\sources\physics_exporter.cpp">
      <Filter>Source Files</Filter>
    </ClCompile>
    <ClCompile Include="F:\Projects\xray\xray\maya\sources\tmp.cpp">
      <Filter>Source Files</Filter>
    </ClCompile>
    <ClCompile Include="F:\Projects\xray\xray\maya\sources\helpers.cpp">
      <Filter>Source Files</Filter>
    </ClCompile>
    <ClCompile Include="F:\Projects\xray\xray\maya\sources\RenderRoutines.cpp">
      <Filter>Source Files</Filter>
    </ClCompile>
    <ClCompile Include="F:\Projects\xray\xray\maya\sources\xray_path_commands.cpp">
      <Filter>Source Files</Filter>
    </ClCompile>
    <ClCompile Include="F:\Projects\xray\xray\maya\sources\NvMender2003\NVMeshMender.cpp">
      <Filter>Source Files</Filter>
    </ClCompile>
    <ClCompile Include="F:\Projects\xray\xray\maya\sources\maya_engine.cpp">
      <Filter>Source Files</Filter>
    </ClCompile>
    <ClCompile Include="F:\Projects\xray\xray\maya\sources\skin_exporter.cpp">
      <Filter>Source Files</Filter>
    </ClCompile>
    <ClCompile Include="F:\Projects\xray\xray\maya\sources\skin_visual_writer.cpp">
      <Filter>Source Files</Filter>
    </ClCompile>
    <ClCompile Include="F:\Projects\xray\xray\maya\sources\skin_visual_writer_bone_extractor.cpp">
      <Filter>Source Files</Filter>
    </ClCompile>
    <ClCompile Include="F:\Projects\xray\xray\maya\sources\skin_visual_writer_geom_extractor.cpp">
      <Filter>Source Files</Filter>
    </ClCompile>
    <ClCompile Include="F:\Projects\xray\xray\maya\sources\skin_visual_writer_serialize.cpp">
      <Filter>Source Files</Filter>
    </ClCompile>
    <ClCompile Include="F:\Projects\xray\xray\maya\sources\skinned_surface.cpp">
      <Filter>Source Files</Filter>
    </ClCompile>
    <ClCompile Include="F:\Projects\xray\xray\maya\sources\solid_visual_collector.cpp">
      <Filter>Source Files</Filter>
    </ClCompile>
    <ClCompile Include="F:\Projects\xray\xray\maya\sources\solid_visual_exporter.cpp">
      <Filter>Source Files</Filter>
    </ClCompile>
    <ClCompile Include="F:\Projects\xray\xray\maya\sources\solid_visual_writer_geom_extractor.cpp">
      <Filter>Source Files</Filter>
    </ClCompile>
    <ClCompile Include="F:\Projects\xray\xray\maya\sources\solid_visual_writer_serialize.cpp">
      <Filter>Source Files</Filter>
    </ClCompile>
    <ClCompile Include="F:\Projects\xray\xray\maya\sources\static_surface.cpp">
      <Filter>Source Files</Filter>
    </ClCompile>
    <ClCompile Include="F:\Projects\xray\xray\maya\sources\model_collector.cpp">
      <Filter>Source Files</Filter>
    </ClCompile>
    <ClCompile Include="F:\Projects\xray\xray\maya\sources\surface.cpp">
      <Filter>Source Files</Filter>
    </ClCompile>
    <ClCompile Include="F:\Projects\xray\xray\maya\sources\anim_export_util.cpp">
      <Filter>Source Files</Filter>
    </ClCompile>
    <ClCompile Include="F:\Projects\xray\xray\maya\sources\export_utils.cpp">
      <Filter>Source Files</Filter>
    </ClCompile>
    <ClCompile Include="F:\Projects\xray\xray\maya\sources\skeleton_export_util.cpp">
      <Filter>Source Files</Filter>
    </ClCompile>
    <ClCompile Include="F:\Projects\xray\xray\maya\sources\anim_text_file_export.cpp">
      <Filter>Source Files</Filter>
    </ClCompile>
    <ClCompile Include="F:\Projects\xray\xray\maya\sources\anim_track_assemble.cpp">
      <Filter>Source Files</Filter>
    </ClCompile>
    <ClCompile Include="F:\Projects\xray\xray\maya\sources\xray_material.cpp">
      <Filter>Source Files</Filter>
    </ClCompile>
    <ClCompile Include="F:\Projects\xray\xray\maya\sources\xray_material_hw.cpp">
      <Filter>Source Files</Filter>
    </ClCompile>
    <ClCompile Include="F:\Projects\xray\xray\maya\sources\maya_entry_point.cpp">
      <Filter>Source Files</Filter>
    </ClCompile>
  </ItemGroup>
  <ItemGroup>
    <ClInclude Include="F:\Projects\xray\xray\maya\sources\maya_memory.h">
      <Filter>Header Files</Filter>
    </ClInclude>
    <ClInclude Include="F:\Projects\xray\xray\maya\sources\node_identifiers.h">
      <Filter>Header Files</Filter>
    </ClInclude>
    <ClInclude Include="F:\Projects\xray\xray\maya\sources\pch.h">
      <Filter>Header Files</Filter>
    </ClInclude>
    <ClInclude Include="F:\Projects\xray\xray\maya\sources\xray_body.h">
      <Filter>Header Files</Filter>
    </ClInclude>
    <ClInclude Include="F:\Projects\xray\xray\maya\sources\create_body_cmd.h">
      <Filter>Header Files</Filter>
    </ClInclude>
    <ClInclude Include="F:\Projects\xray\xray\maya\sources\create_collision_cmd.h">
      <Filter>Header Files</Filter>
    </ClInclude>
    <ClInclude Include="F:\Projects\xray\xray\maya\sources\create_joint_cmd.h">
      <Filter>Header Files</Filter>
    </ClInclude>
    <ClInclude Include="F:\Projects\xray\xray\maya\sources\build_collision_cmd.h">
      <Filter>Header Files</Filter>
    </ClInclude>
    <ClInclude Include="F:\Projects\xray\xray\maya\sources\fake_drawing_locator.h">
      <Filter>Header Files</Filter>
    </ClInclude>
    <ClInclude Include="F:\Projects\xray\xray\maya\sources\collision_node.h">
      <Filter>Header Files</Filter>
    </ClInclude>
    <ClInclude Include="F:\Projects\xray\xray\maya\sources\body_node.h">
      <Filter>Header Files</Filter>
    </ClInclude>
    <ClInclude Include="F:\Projects\xray\xray\maya\sources\body_node_manip.h">
      <Filter>Header Files</Filter>
    </ClInclude>
    <ClInclude Include="F:\Projects\xray\xray\maya\sources\transform_drawable.h">
      <Filter>Header Files</Filter>
    </ClInclude>
    <ClInclude Include="F:\Projects\xray\xray\maya\sources\joint_node.h">
      <Filter>Header Files</Filter>
    </ClInclude>
    <ClInclude Include="F:\Projects\xray\xray\maya\sources\node_exportable.h">
      <Filter>Header Files</Filter>
    </ClInclude>
    <ClInclude Include="F:\Projects\xray\xray\maya\sources\physics_exporter.h">
      <Filter>Header Files</Filter>
    </ClInclude>
    <ClInclude Include="F:\Projects\xray\xray\maya\sources\export_defines.h">
      <Filter>Header Files</Filter>
    </ClInclude>
    <ClInclude Include="F:\Projects\xray\xray\maya\sources\helpers.h">
      <Filter>Header Files</Filter>
    </ClInclude>
    <ClInclude Include="F:\Projects\xray\xray\maya\sources\RenderRoutines.h">
      <Filter>Header Files</Filter>
    </ClInclude>
    <ClInclude Include="F:\Projects\xray\xray\maya\sources\xray_path_commands.h">
      <Filter>Header Files</Filter>
    </ClInclude>
    <ClInclude Include="F:\Projects\xray\xray\maya\sources\NvMender2003\NVMeshMender.h">
      <Filter>Header Files</Filter>
    </ClInclude>
    <ClInclude Include="F:\Projects\xray\third_party\amd\tootle\tootlelib.h">
      <Filter>Header Files</Filter>
    </ClInclude>
    <ClInclude Include="F:\Projects\xray\xray\maya\sources\maya_engine.h">
      <Filter>Header Files</Filter>
    </ClInclude>
    <ClInclude Include="F:\Projects\xray\xray\maya\sources\skin_exporter.h">
      <Filter>Header Files</Filter>
    </ClInclude>
    <ClInclude Include="F:\Projects\xray\xray\maya\sources\skin_visual_writer.h">
      <Filter>Header Files</Filter>
    </ClInclude>
    <ClInclude Include="F:\Projects\xray\xray\maya\sources\skinned_surface.h">
      <Filter>Header Files</Filter>
    </ClInclude>
    <ClInclude Include="F:\Projects\xray\xray\maya\sources\solid_visual_collector.h">
      <Filter>Header Files</Filter>
    </ClInclude>
    <ClInclude Include="F:\Projects\xray\xray\maya\sources\solid_visual_exporter.h">
      <Filter>Header Files</Filter>
    </ClInclude>
    <ClInclude Include="F:\Projects\xray\xray\maya\sources\static_surface.h">
      <Filter>Header Files</Filter>
    </ClInclude>
    <ClInclude Include="F:\Projects\xray\xray\maya\sources\model_collector.h">
      <Filter>Header Files</Filter>
    </ClInclude>
    <ClInclude Include="F:\Projects\xray\xray\maya\sources\surface.h">
      <Filter>Header Files</Filter>
    </ClInclude>
    <ClInclude Include="F:\Projects\xray\xray\maya\sources\anim_export_util.h">
      <Filter>Header Files</Filter>
    </ClInclude>
    <ClInclude Include="F:\Projects\xray\xray\maya\sources\export_utils.h">
      <Filter>Header Files</Filter>
    </ClInclude>
    <ClInclude Include="F:\Projects\xray\xray\maya\sources\skeleton_export_util.h">
      <Filter>Header Files</Filter>
    </ClInclude>
    <ClInclude Include="F:\Projects\xray\xray\maya\sources\anim_text_file_export.h">
      <Filter>Header Files</Filter>
    </ClInclude>
    <ClInclude Include="F:\Projects\xray\xray\maya\sources\xray_material.h">
      <Filter>Header Files</Filter>
    </ClInclude>
  </ItemGroup>
  <ItemGroup>
    <CustomBuild Include="F:\Projects\xray\xray\maya\sources\CMakeLists.txt" />
  </ItemGroup>
  <ItemGroup>
    <Filter Include="Header Files">
      <UniqueIdentifier>{94A6C8CC-D9F6-3C7B-A021-661E7248F60F}</UniqueIdentifier>
    </Filter>
    <Filter Include="Source Files">
      <UniqueIdentifier>{3ADD48FD-D0AF-365F-B6E3-428E8BDF20FE}</UniqueIdentifier>
    </Filter>
  </ItemGroup>
</Project>
